// !$*UTF8*$!
{
	archiveVersion = 1;
	classes = {
	};
	objectVersion = 46;
	objects = {

/* Begin PBXBuildFile section */
		5ADAC15D6A552E72FDAC3CD7 /* Pods_visiterParisTests.framework in Frameworks */ = {isa = PBXBuildFile; fileRef = 9B45B18F512D4C2F638D60F8 /* Pods_visiterParisTests.framework */; };
		76DEDB3E573D8A007CC74D2D /* Pods_visiterParisUITests.framework in Frameworks */ = {isa = PBXBuildFile; fileRef = 495F3C2951A04864B2DC267C /* Pods_visiterParisUITests.framework */; };
		A5E51FDAECC87815ED88B59A /* Pods_visiterParis.framework in Frameworks */ = {isa = PBXBuildFile; fileRef = 3E96940FDA3886E71E4FBAF0 /* Pods_visiterParis.framework */; };
		C17CAA131E86E11E00E98E9E /* AppDelegate.swift in Sources */ = {isa = PBXBuildFile; fileRef = C17CAA121E86E11E00E98E9E /* AppDelegate.swift */; };
		C17CAA151E86E11E00E98E9E /* ViewController.swift in Sources */ = {isa = PBXBuildFile; fileRef = C17CAA141E86E11E00E98E9E /* ViewController.swift */; };
		C17CAA181E86E11E00E98E9E /* Main.storyboard in Resources */ = {isa = PBXBuildFile; fileRef = C17CAA161E86E11E00E98E9E /* Main.storyboard */; };
		C17CAA1A1E86E11E00E98E9E /* Assets.xcassets in Resources */ = {isa = PBXBuildFile; fileRef = C17CAA191E86E11E00E98E9E /* Assets.xcassets */; };
		C17CAA1D1E86E11E00E98E9E /* LaunchScreen.storyboard in Resources */ = {isa = PBXBuildFile; fileRef = C17CAA1B1E86E11E00E98E9E /* LaunchScreen.storyboard */; };
		C17CAA281E86E11E00E98E9E /* visiterParisTests.swift in Sources */ = {isa = PBXBuildFile; fileRef = C17CAA271E86E11E00E98E9E /* visiterParisTests.swift */; };
		C17CAA331E86E11E00E98E9E /* visiterParisUITests.swift in Sources */ = {isa = PBXBuildFile; fileRef = C17CAA321E86E11E00E98E9E /* visiterParisUITests.swift */; };
		C1E029691E87210A0064598F /* ApiCities.swift in Sources */ = {isa = PBXBuildFile; fileRef = C1E029681E87210A0064598F /* ApiCities.swift */; };
		C1E0296B1E8834F00064598F /* City.swift in Sources */ = {isa = PBXBuildFile; fileRef = C1E0296A1E8834F00064598F /* City.swift */; };
		C1E0296D1E88495D0064598F /* CityTableViewCell.swift in Sources */ = {isa = PBXBuildFile; fileRef = C1E0296C1E88495D0064598F /* CityTableViewCell.swift */; };
/* End PBXBuildFile section */

/* Begin PBXContainerItemProxy section */
		C17CAA241E86E11E00E98E9E /* PBXContainerItemProxy */ = {
			isa = PBXContainerItemProxy;
			containerPortal = C17CAA071E86E11E00E98E9E /* Project object */;
			proxyType = 1;
			remoteGlobalIDString = C17CAA0E1E86E11E00E98E9E;
			remoteInfo = visiterParis;
		};
		C17CAA2F1E86E11E00E98E9E /* PBXContainerItemProxy */ = {
			isa = PBXContainerItemProxy;
			containerPortal = C17CAA071E86E11E00E98E9E /* Project object */;
			proxyType = 1;
			remoteGlobalIDString = C17CAA0E1E86E11E00E98E9E;
			remoteInfo = visiterParis;
		};
/* End PBXContainerItemProxy section */

/* Begin PBXFileReference section */
		34C17FAC72A990DA38748019 /* Pods-visiterParisTests.debug.xcconfig */ = {isa = PBXFileReference; includeInIndex = 1; lastKnownFileType = text.xcconfig; name = "Pods-visiterParisTests.debug.xcconfig"; path = "Pods/Target Support Files/Pods-visiterParisTests/Pods-visiterParisTests.debug.xcconfig"; sourceTree = "<group>"; };
		3E96940FDA3886E71E4FBAF0 /* Pods_visiterParis.framework */ = {isa = PBXFileReference; explicitFileType = wrapper.framework; includeInIndex = 0; path = Pods_visiterParis.framework; sourceTree = BUILT_PRODUCTS_DIR; };
		495F3C2951A04864B2DC267C /* Pods_visiterParisUITests.framework */ = {isa = PBXFileReference; explicitFileType = wrapper.framework; includeInIndex = 0; path = Pods_visiterParisUITests.framework; sourceTree = BUILT_PRODUCTS_DIR; };
		932060246367901F1DC99E7E /* Pods-visiterParis.release.xcconfig */ = {isa = PBXFileReference; includeInIndex = 1; lastKnownFileType = text.xcconfig; name = "Pods-visiterParis.release.xcconfig"; path = "Pods/Target Support Files/Pods-visiterParis/Pods-visiterParis.release.xcconfig"; sourceTree = "<group>"; };
		9B45B18F512D4C2F638D60F8 /* Pods_visiterParisTests.framework */ = {isa = PBXFileReference; explicitFileType = wrapper.framework; includeInIndex = 0; path = Pods_visiterParisTests.framework; sourceTree = BUILT_PRODUCTS_DIR; };
		AC28EAA085A66B37D0C10B26 /* Pods-visiterParis.debug.xcconfig */ = {isa = PBXFileReference; includeInIndex = 1; lastKnownFileType = text.xcconfig; name = "Pods-visiterParis.debug.xcconfig"; path = "Pods/Target Support Files/Pods-visiterParis/Pods-visiterParis.debug.xcconfig"; sourceTree = "<group>"; };
		C17CAA0F1E86E11E00E98E9E /* visiterParis.app */ = {isa = PBXFileReference; explicitFileType = wrapper.application; includeInIndex = 0; path = visiterParis.app; sourceTree = BUILT_PRODUCTS_DIR; };
		C17CAA121E86E11E00E98E9E /* AppDelegate.swift */ = {isa = PBXFileReference; lastKnownFileType = sourcecode.swift; path = AppDelegate.swift; sourceTree = "<group>"; };
		C17CAA141E86E11E00E98E9E /* ViewController.swift */ = {isa = PBXFileReference; lastKnownFileType = sourcecode.swift; path = ViewController.swift; sourceTree = "<group>"; };
		C17CAA171E86E11E00E98E9E /* Base */ = {isa = PBXFileReference; lastKnownFileType = file.storyboard; name = Base; path = Base.lproj/Main.storyboard; sourceTree = "<group>"; };
		C17CAA191E86E11E00E98E9E /* Assets.xcassets */ = {isa = PBXFileReference; lastKnownFileType = folder.assetcatalog; path = Assets.xcassets; sourceTree = "<group>"; };
		C17CAA1C1E86E11E00E98E9E /* Base */ = {isa = PBXFileReference; lastKnownFileType = file.storyboard; name = Base; path = Base.lproj/LaunchScreen.storyboard; sourceTree = "<group>"; };
		C17CAA1E1E86E11E00E98E9E /* Info.plist */ = {isa = PBXFileReference; lastKnownFileType = text.plist.xml; path = Info.plist; sourceTree = "<group>"; };
		C17CAA231E86E11E00E98E9E /* visiterParisTests.xctest */ = {isa = PBXFileReference; explicitFileType = wrapper.cfbundle; includeInIndex = 0; path = visiterParisTests.xctest; sourceTree = BUILT_PRODUCTS_DIR; };
		C17CAA271E86E11E00E98E9E /* visiterParisTests.swift */ = {isa = PBXFileReference; lastKnownFileType = sourcecode.swift; path = visiterParisTests.swift; sourceTree = "<group>"; };
		C17CAA291E86E11E00E98E9E /* Info.plist */ = {isa = PBXFileReference; lastKnownFileType = text.plist.xml; path = Info.plist; sourceTree = "<group>"; };
		C17CAA2E1E86E11E00E98E9E /* visiterParisUITests.xctest */ = {isa = PBXFileReference; explicitFileType = wrapper.cfbundle; includeInIndex = 0; path = visiterParisUITests.xctest; sourceTree = BUILT_PRODUCTS_DIR; };
		C17CAA321E86E11E00E98E9E /* visiterParisUITests.swift */ = {isa = PBXFileReference; lastKnownFileType = sourcecode.swift; path = visiterParisUITests.swift; sourceTree = "<group>"; };
		C17CAA341E86E11E00E98E9E /* Info.plist */ = {isa = PBXFileReference; lastKnownFileType = text.plist.xml; path = Info.plist; sourceTree = "<group>"; };
		C1E029681E87210A0064598F /* ApiCities.swift */ = {isa = PBXFileReference; fileEncoding = 4; lastKnownFileType = sourcecode.swift; path = ApiCities.swift; sourceTree = "<group>"; };
		C1E0296A1E8834F00064598F /* City.swift */ = {isa = PBXFileReference; fileEncoding = 4; lastKnownFileType = sourcecode.swift; path = City.swift; sourceTree = "<group>"; };
		C1E0296C1E88495D0064598F /* CityTableViewCell.swift */ = {isa = PBXFileReference; fileEncoding = 4; lastKnownFileType = sourcecode.swift; path = CityTableViewCell.swift; sourceTree = "<group>"; };
		DE4947A1F202F6F718591591 /* Pods-visiterParisUITests.debug.xcconfig */ = {isa = PBXFileReference; includeInIndex = 1; lastKnownFileType = text.xcconfig; name = "Pods-visiterParisUITests.debug.xcconfig"; path = "Pods/Target Support Files/Pods-visiterParisUITests/Pods-visiterParisUITests.debug.xcconfig"; sourceTree = "<group>"; };
		F3934240F65C5AC9F40109FF /* Pods-visiterParisTests.release.xcconfig */ = {isa = PBXFileReference; includeInIndex = 1; lastKnownFileType = text.xcconfig; name = "Pods-visiterParisTests.release.xcconfig"; path = "Pods/Target Support Files/Pods-visiterParisTests/Pods-visiterParisTests.release.xcconfig"; sourceTree = "<group>"; };
		F8438F26DECCCD2BF47EB255 /* Pods-visiterParisUITests.release.xcconfig */ = {isa = PBXFileReference; includeInIndex = 1; lastKnownFileType = text.xcconfig; name = "Pods-visiterParisUITests.release.xcconfig"; path = "Pods/Target Support Files/Pods-visiterParisUITests/Pods-visiterParisUITests.release.xcconfig"; sourceTree = "<group>"; };
/* End PBXFileReference section */

/* Begin PBXFrameworksBuildPhase section */
		C17CAA0C1E86E11E00E98E9E /* Frameworks */ = {
			isa = PBXFrameworksBuildPhase;
			buildActionMask = 2147483647;
			files = (
				A5E51FDAECC87815ED88B59A /* Pods_visiterParis.framework in Frameworks */,
			);
			runOnlyForDeploymentPostprocessing = 0;
		};
		C17CAA201E86E11E00E98E9E /* Frameworks */ = {
			isa = PBXFrameworksBuildPhase;
			buildActionMask = 2147483647;
			files = (
				5ADAC15D6A552E72FDAC3CD7 /* Pods_visiterParisTests.framework in Frameworks */,
			);
			runOnlyForDeploymentPostprocessing = 0;
		};
		C17CAA2B1E86E11E00E98E9E /* Frameworks */ = {
			isa = PBXFrameworksBuildPhase;
			buildActionMask = 2147483647;
			files = (
				76DEDB3E573D8A007CC74D2D /* Pods_visiterParisUITests.framework in Frameworks */,
			);
			runOnlyForDeploymentPostprocessing = 0;
		};
/* End PBXFrameworksBuildPhase section */

/* Begin PBXGroup section */
		51910B10A86A62D79481CF6E /* Pods */ = {
			isa = PBXGroup;
			children = (
				AC28EAA085A66B37D0C10B26 /* Pods-visiterParis.debug.xcconfig */,
				932060246367901F1DC99E7E /* Pods-visiterParis.release.xcconfig */,
				34C17FAC72A990DA38748019 /* Pods-visiterParisTests.debug.xcconfig */,
				F3934240F65C5AC9F40109FF /* Pods-visiterParisTests.release.xcconfig */,
				DE4947A1F202F6F718591591 /* Pods-visiterParisUITests.debug.xcconfig */,
				F8438F26DECCCD2BF47EB255 /* Pods-visiterParisUITests.release.xcconfig */,
			);
			name = Pods;
			sourceTree = "<group>";
		};
		6E71E745C1AB624138037B83 /* Frameworks */ = {
			isa = PBXGroup;
			children = (
				3E96940FDA3886E71E4FBAF0 /* Pods_visiterParis.framework */,
				9B45B18F512D4C2F638D60F8 /* Pods_visiterParisTests.framework */,
				495F3C2951A04864B2DC267C /* Pods_visiterParisUITests.framework */,
			);
			name = Frameworks;
			sourceTree = "<group>";
		};
		C17CAA061E86E11E00E98E9E = {
			isa = PBXGroup;
			children = (
				C17CAA111E86E11E00E98E9E /* visiterParis */,
				C17CAA261E86E11E00E98E9E /* visiterParisTests */,
				C17CAA311E86E11E00E98E9E /* visiterParisUITests */,
				C17CAA101E86E11E00E98E9E /* Products */,
				51910B10A86A62D79481CF6E /* Pods */,
				6E71E745C1AB624138037B83 /* Frameworks */,
			);
			sourceTree = "<group>";
		};
		C17CAA101E86E11E00E98E9E /* Products */ = {
			isa = PBXGroup;
			children = (
				C17CAA0F1E86E11E00E98E9E /* visiterParis.app */,
				C17CAA231E86E11E00E98E9E /* visiterParisTests.xctest */,
				C17CAA2E1E86E11E00E98E9E /* visiterParisUITests.xctest */,
			);
			name = Products;
			sourceTree = "<group>";
		};
		C17CAA111E86E11E00E98E9E /* visiterParis */ = {
			isa = PBXGroup;
			children = (
				C1E029671E8720CE0064598F /* Api */,
				C1E029661E8720C20064598F /* Models */,
				C1E029641E8720A50064598F /* Controllers */,
				C17CAA121E86E11E00E98E9E /* AppDelegate.swift */,
				C17CAA161E86E11E00E98E9E /* Main.storyboard */,
				C17CAA191E86E11E00E98E9E /* Assets.xcassets */,
				C17CAA1B1E86E11E00E98E9E /* LaunchScreen.storyboard */,
				C17CAA1E1E86E11E00E98E9E /* Info.plist */,
			);
			path = visiterParis;
			sourceTree = "<group>";
		};
		C17CAA261E86E11E00E98E9E /* visiterParisTests */ = {
			isa = PBXGroup;
			children = (
				C17CAA271E86E11E00E98E9E /* visiterParisTests.swift */,
				C17CAA291E86E11E00E98E9E /* Info.plist */,
			);
			path = visiterParisTests;
			sourceTree = "<group>";
		};
		C17CAA311E86E11E00E98E9E /* visiterParisUITests */ = {
			isa = PBXGroup;
			children = (
				C17CAA321E86E11E00E98E9E /* visiterParisUITests.swift */,
				C17CAA341E86E11E00E98E9E /* Info.plist */,
			);
			path = visiterParisUITests;
			sourceTree = "<group>";
		};
		C1E029641E8720A50064598F /* Controllers */ = {
			isa = PBXGroup;
			children = (
				C17CAA141E86E11E00E98E9E /* ViewController.swift */,
				C1E0296A1E8834F00064598F /* City.swift */,
				C1E0296C1E88495D0064598F /* CityTableViewCell.swift */,
			);
			name = Controllers;
			sourceTree = "<group>";
		};
		C1E029661E8720C20064598F /* Models */ = {
			isa = PBXGroup;
			children = (
			);
			name = Models;
			sourceTree = "<group>";
		};
		C1E029671E8720CE0064598F /* Api */ = {
			isa = PBXGroup;
			children = (
				C1E029681E87210A0064598F /* ApiCities.swift */,
			);
			name = Api;
			sourceTree = "<group>";
		};
/* End PBXGroup section */

/* Begin PBXNativeTarget section */
		C17CAA0E1E86E11E00E98E9E /* visiterParis */ = {
			isa = PBXNativeTarget;
			buildConfigurationList = C17CAA371E86E11E00E98E9E /* Build configuration list for PBXNativeTarget "visiterParis" */;
			buildPhases = (
				2D0059282076E0DB2519F706 /* [CP] Check Pods Manifest.lock */,
				C17CAA0B1E86E11E00E98E9E /* Sources */,
				C17CAA0C1E86E11E00E98E9E /* Frameworks */,
				C17CAA0D1E86E11E00E98E9E /* Resources */,
				8C2D27533C7042A103BA725F /* [CP] Embed Pods Frameworks */,
				C305DF0C609AA39167E81B4D /* [CP] Copy Pods Resources */,
			);
			buildRules = (
			);
			dependencies = (
			);
			name = visiterParis;
			productName = visiterParis;
			productReference = C17CAA0F1E86E11E00E98E9E /* visiterParis.app */;
			productType = "com.apple.product-type.application";
		};
		C17CAA221E86E11E00E98E9E /* visiterParisTests */ = {
			isa = PBXNativeTarget;
			buildConfigurationList = C17CAA3A1E86E11E00E98E9E /* Build configuration list for PBXNativeTarget "visiterParisTests" */;
			buildPhases = (
				1CA817FA6532C6143068BE38 /* [CP] Check Pods Manifest.lock */,
				C17CAA1F1E86E11E00E98E9E /* Sources */,
				C17CAA201E86E11E00E98E9E /* Frameworks */,
				C17CAA211E86E11E00E98E9E /* Resources */,
				9A91916E89C96DEA2F6786BF /* [CP] Embed Pods Frameworks */,
				198C4F127EC3154BFD47EDE7 /* [CP] Copy Pods Resources */,
			);
			buildRules = (
			);
			dependencies = (
				C17CAA251E86E11E00E98E9E /* PBXTargetDependency */,
			);
			name = visiterParisTests;
			productName = visiterParisTests;
			productReference = C17CAA231E86E11E00E98E9E /* visiterParisTests.xctest */;
			productType = "com.apple.product-type.bundle.unit-test";
		};
		C17CAA2D1E86E11E00E98E9E /* visiterParisUITests */ = {
			isa = PBXNativeTarget;
			buildConfigurationList = C17CAA3D1E86E11E00E98E9E /* Build configuration list for PBXNativeTarget "visiterParisUITests" */;
			buildPhases = (
				5F405C20AA219931BA5028E4 /* [CP] Check Pods Manifest.lock */,
				C17CAA2A1E86E11E00E98E9E /* Sources */,
				C17CAA2B1E86E11E00E98E9E /* Frameworks */,
				C17CAA2C1E86E11E00E98E9E /* Resources */,
				09310617B215C91965478DDA /* [CP] Embed Pods Frameworks */,
				3C1FF4D470024A82A44A2D23 /* [CP] Copy Pods Resources */,
			);
			buildRules = (
			);
			dependencies = (
				C17CAA301E86E11E00E98E9E /* PBXTargetDependency */,
			);
			name = visiterParisUITests;
			productName = visiterParisUITests;
			productReference = C17CAA2E1E86E11E00E98E9E /* visiterParisUITests.xctest */;
			productType = "com.apple.product-type.bundle.ui-testing";
		};
/* End PBXNativeTarget section */

/* Begin PBXProject section */
		C17CAA071E86E11E00E98E9E /* Project object */ = {
			isa = PBXProject;
			attributes = {
				LastSwiftUpdateCheck = 0820;
				LastUpgradeCheck = 0820;
				ORGANIZATIONNAME = "christophe milliere";
				TargetAttributes = {
					C17CAA0E1E86E11E00E98E9E = {
						CreatedOnToolsVersion = 8.2.1;
						DevelopmentTeam = ENGLX8LG3W;
						ProvisioningStyle = Automatic;
					};
					C17CAA221E86E11E00E98E9E = {
						CreatedOnToolsVersion = 8.2.1;
						DevelopmentTeam = ENGLX8LG3W;
						ProvisioningStyle = Automatic;
						TestTargetID = C17CAA0E1E86E11E00E98E9E;
					};
					C17CAA2D1E86E11E00E98E9E = {
						CreatedOnToolsVersion = 8.2.1;
						DevelopmentTeam = ENGLX8LG3W;
						ProvisioningStyle = Automatic;
						TestTargetID = C17CAA0E1E86E11E00E98E9E;
					};
				};
			};
			buildConfigurationList = C17CAA0A1E86E11E00E98E9E /* Build configuration list for PBXProject "visiterParis" */;
			compatibilityVersion = "Xcode 3.2";
			developmentRegion = English;
			hasScannedForEncodings = 0;
			knownRegions = (
				en,
				Base,
			);
			mainGroup = C17CAA061E86E11E00E98E9E;
			productRefGroup = C17CAA101E86E11E00E98E9E /* Products */;
			projectDirPath = "";
			projectRoot = "";
			targets = (
				C17CAA0E1E86E11E00E98E9E /* visiterParis */,
				C17CAA221E86E11E00E98E9E /* visiterParisTests */,
				C17CAA2D1E86E11E00E98E9E /* visiterParisUITests */,
			);
		};
/* End PBXProject section */

/* Begin PBXResourcesBuildPhase section */
		C17CAA0D1E86E11E00E98E9E /* Resources */ = {
			isa = PBXResourcesBuildPhase;
			buildActionMask = 2147483647;
			files = (
				C17CAA1D1E86E11E00E98E9E /* LaunchScreen.storyboard in Resources */,
				C17CAA1A1E86E11E00E98E9E /* Assets.xcassets in Resources */,
				C17CAA181E86E11E00E98E9E /* Main.storyboard in Resources */,
			);
			runOnlyForDeploymentPostprocessing = 0;
		};
		C17CAA211E86E11E00E98E9E /* Resources */ = {
			isa = PBXResourcesBuildPhase;
			buildActionMask = 2147483647;
			files = (
			);
			runOnlyForDeploymentPostprocessing = 0;
		};
		C17CAA2C1E86E11E00E98E9E /* Resources */ = {
			isa = PBXResourcesBuildPhase;
			buildActionMask = 2147483647;
			files = (
			);
			runOnlyForDeploymentPostprocessing = 0;
		};
/* End PBXResourcesBuildPhase section */

/* Begin PBXShellScriptBuildPhase section */
		09310617B215C91965478DDA /* [CP] Embed Pods Frameworks */ = {
			isa = PBXShellScriptBuildPhase;
			buildActionMask = 2147483647;
			files = (
			);
			inputPaths = (
			);
			name = "[CP] Embed Pods Frameworks";
			outputPaths = (
			);
			runOnlyForDeploymentPostprocessing = 0;
			shellPath = /bin/sh;
			shellScript = "\"${SRCROOT}/Pods/Target Support Files/Pods-visiterParisUITests/Pods-visiterParisUITests-frameworks.sh\"\n";
			showEnvVarsInLog = 0;
		};
		198C4F127EC3154BFD47EDE7 /* [CP] Copy Pods Resources */ = {
			isa = PBXShellScriptBuildPhase;
			buildActionMask = 2147483647;
			files = (
			);
			inputPaths = (
			);
			name = "[CP] Copy Pods Resources";
			outputPaths = (
			);
			runOnlyForDeploymentPostprocessing = 0;
			shellPath = /bin/sh;
			shellScript = "\"${SRCROOT}/Pods/Target Support Files/Pods-visiterParisTests/Pods-visiterParisTests-resources.sh\"\n";
			showEnvVarsInLog = 0;
		};
		1CA817FA6532C6143068BE38 /* [CP] Check Pods Manifest.lock */ = {
			isa = PBXShellScriptBuildPhase;
			buildActionMask = 2147483647;
			files = (
			);
			inputPaths = (
			);
			name = "[CP] Check Pods Manifest.lock";
			outputPaths = (
			);
			runOnlyForDeploymentPostprocessing = 0;
			shellPath = /bin/sh;
			shellScript = "diff \"${PODS_ROOT}/../Podfile.lock\" \"${PODS_ROOT}/Manifest.lock\" > /dev/null\nif [ $? != 0 ] ; then\n    # print error to STDERR\n    echo \"error: The sandbox is not in sync with the Podfile.lock. Run 'pod install' or update your CocoaPods installation.\" >&2\n    exit 1\nfi\n";
			showEnvVarsInLog = 0;
		};
		2D0059282076E0DB2519F706 /* [CP] Check Pods Manifest.lock */ = {
			isa = PBXShellScriptBuildPhase;
			buildActionMask = 2147483647;
			files = (
			);
			inputPaths = (
			);
			name = "[CP] Check Pods Manifest.lock";
			outputPaths = (
			);
			runOnlyForDeploymentPostprocessing = 0;
			shellPath = /bin/sh;
			shellScript = "diff \"${PODS_ROOT}/../Podfile.lock\" \"${PODS_ROOT}/Manifest.lock\" > /dev/null\nif [ $? != 0 ] ; then\n    # print error to STDERR\n    echo \"error: The sandbox is not in sync with the Podfile.lock. Run 'pod install' or update your CocoaPods installation.\" >&2\n    exit 1\nfi\n";
			showEnvVarsInLog = 0;
		};
		3C1FF4D470024A82A44A2D23 /* [CP] Copy Pods Resources */ = {
			isa = PBXShellScriptBuildPhase;
			buildActionMask = 2147483647;
			files = (
			);
			inputPaths = (
			);
			name = "[CP] Copy Pods Resources";
			outputPaths = (
			);
			runOnlyForDeploymentPostprocessing = 0;
			shellPath = /bin/sh;
			shellScript = "\"${SRCROOT}/Pods/Target Support Files/Pods-visiterParisUITests/Pods-visiterParisUITests-resources.sh\"\n";
			showEnvVarsInLog = 0;
		};
		5F405C20AA219931BA5028E4 /* [CP] Check Pods Manifest.lock */ = {
			isa = PBXShellScriptBuildPhase;
			buildActionMask = 2147483647;
			files = (
			);
			inputPaths = (
			);
			name = "[CP] Check Pods Manifest.lock";
			outputPaths = (
			);
			runOnlyForDeploymentPostprocessing = 0;
			shellPath = /bin/sh;
			shellScript = "diff \"${PODS_ROOT}/../Podfile.lock\" \"${PODS_ROOT}/Manifest.lock\" > /dev/null\nif [ $? != 0 ] ; then\n    # print error to STDERR\n    echo \"error: The sandbox is not in sync with the Podfile.lock. Run 'pod install' or update your CocoaPods installation.\" >&2\n    exit 1\nfi\n";
			showEnvVarsInLog = 0;
		};
		8C2D27533C7042A103BA725F /* [CP] Embed Pods Frameworks */ = {
			isa = PBXShellScriptBuildPhase;
			buildActionMask = 2147483647;
			files = (
			);
			inputPaths = (
			);
			name = "[CP] Embed Pods Frameworks";
			outputPaths = (
			);
			runOnlyForDeploymentPostprocessing = 0;
			shellPath = /bin/sh;
			shellScript = "\"${SRCROOT}/Pods/Target Support Files/Pods-visiterParis/Pods-visiterParis-frameworks.sh\"\n";
			showEnvVarsInLog = 0;
		};
		9A91916E89C96DEA2F6786BF /* [CP] Embed Pods Frameworks */ = {
			isa = PBXShellScriptBuildPhase;
			buildActionMask = 2147483647;
			files = (
			);
			inputPaths = (
			);
			name = "[CP] Embed Pods Frameworks";
			outputPaths = (
			);
			runOnlyForDeploymentPostprocessing = 0;
			shellPath = /bin/sh;
			shellScript = "\"${SRCROOT}/Pods/Target Support Files/Pods-visiterParisTests/Pods-visiterParisTests-frameworks.sh\"\n";
			showEnvVarsInLog = 0;
		};
		C305DF0C609AA39167E81B4D /* [CP] Copy Pods Resources */ = {
			isa = PBXShellScriptBuildPhase;
			buildActionMask = 2147483647;
			files = (
			);
			inputPaths = (
			);
			name = "[CP] Copy Pods Resources";
			outputPaths = (
			);
			runOnlyForDeploymentPostprocessing = 0;
			shellPath = /bin/sh;
			shellScript = "\"${SRCROOT}/Pods/Target Support Files/Pods-visiterParis/Pods-visiterParis-resources.sh\"\n";
			showEnvVarsInLog = 0;
		};
/* End PBXShellScriptBuildPhase section */

/* Begin PBXSourcesBuildPhase section */
		C17CAA0B1E86E11E00E98E9E /* Sources */ = {
			isa = PBXSourcesBuildPhase;
			buildActionMask = 2147483647;
			files = (
				C17CAA151E86E11E00E98E9E /* ViewController.swift in Sources */,
				C1E029691E87210A0064598F /* ApiCities.swift in Sources */,
				C1E0296D1E88495D0064598F /* CityTableViewCell.swift in Sources */,
				C1E0296B1E8834F00064598F /* City.swift in Sources */,
				C17CAA131E86E11E00E98E9E /* AppDelegate.swift in Sources */,
			);
			runOnlyForDeploymentPostprocessing = 0;
		};
		C17CAA1F1E86E11E00E98E9E /* Sources */ = {
			isa = PBXSourcesBuildPhase;
			buildActionMask = 2147483647;
			files = (
				C17CAA281E86E11E00E98E9E /* visiterParisTests.swift in Sources */,
			);
			runOnlyForDeploymentPostprocessing = 0;
		};
		C17CAA2A1E86E11E00E98E9E /* Sources */ = {
			isa = PBXSourcesBuildPhase;
			buildActionMask = 2147483647;
			files = (
				C17CAA331E86E11E00E98E9E /* visiterParisUITests.swift in Sources */,
			);
			runOnlyForDeploymentPostprocessing = 0;
		};
/* End PBXSourcesBuildPhase section */

/* Begin PBXTargetDependency section */
		C17CAA251E86E11E00E98E9E /* PBXTargetDependency */ = {
			isa = PBXTargetDependency;
			target = C17CAA0E1E86E11E00E98E9E /* visiterParis */;
			targetProxy = C17CAA241E86E11E00E98E9E /* PBXContainerItemProxy */;
		};
		C17CAA301E86E11E00E98E9E /* PBXTargetDependency */ = {
			isa = PBXTargetDependency;
			target = C17CAA0E1E86E11E00E98E9E /* visiterParis */;
			targetProxy = C17CAA2F1E86E11E00E98E9E /* PBXContainerItemProxy */;
		};
/* End PBXTargetDependency section */

/* Begin PBXVariantGroup section */
		C17CAA161E86E11E00E98E9E /* Main.storyboard */ = {
			isa = PBXVariantGroup;
			children = (
				C17CAA171E86E11E00E98E9E /* Base */,
			);
			name = Main.storyboard;
			sourceTree = "<group>";
		};
		C17CAA1B1E86E11E00E98E9E /* LaunchScreen.storyboard */ = {
			isa = PBXVariantGroup;
			children = (
				C17CAA1C1E86E11E00E98E9E /* Base */,
			);
			name = LaunchScreen.storyboard;
			sourceTree = "<group>";
		};
/* End PBXVariantGroup section */

/* Begin XCBuildConfiguration section */
		C17CAA351E86E11E00E98E9E /* Debug */ = {
			isa = XCBuildConfiguration;
			buildSettings = {
				ALWAYS_SEARCH_USER_PATHS = NO;
				CLANG_ANALYZER_NONNULL = YES;
				CLANG_CXX_LANGUAGE_STANDARD = "gnu++0x";
				CLANG_CXX_LIBRARY = "libc++";
				CLANG_ENABLE_MODULES = YES;
				CLANG_ENABLE_OBJC_ARC = YES;
				CLANG_WARN_BOOL_CONVERSION = YES;
				CLANG_WARN_CONSTANT_CONVERSION = YES;
				CLANG_WARN_DIRECT_OBJC_ISA_USAGE = YES_ERROR;
				CLANG_WARN_DOCUMENTATION_COMMENTS = YES;
				CLANG_WARN_EMPTY_BODY = YES;
				CLANG_WARN_ENUM_CONVERSION = YES;
				CLANG_WARN_INFINITE_RECURSION = YES;
				CLANG_WARN_INT_CONVERSION = YES;
				CLANG_WARN_OBJC_ROOT_CLASS = YES_ERROR;
				CLANG_WARN_SUSPICIOUS_MOVE = YES;
				CLANG_WARN_UNREACHABLE_CODE = YES;
				CLANG_WARN__DUPLICATE_METHOD_MATCH = YES;
				"CODE_SIGN_IDENTITY[sdk=iphoneos*]" = "iPhone Developer";
				COPY_PHASE_STRIP = NO;
				DEBUG_INFORMATION_FORMAT = dwarf;
				ENABLE_STRICT_OBJC_MSGSEND = YES;
				ENABLE_TESTABILITY = YES;
				GCC_C_LANGUAGE_STANDARD = gnu99;
				GCC_DYNAMIC_NO_PIC = NO;
				GCC_NO_COMMON_BLOCKS = YES;
				GCC_OPTIMIZATION_LEVEL = 0;
				GCC_PREPROCESSOR_DEFINITIONS = (
					"DEBUG=1",
					"$(inherited)",
				);
				GCC_WARN_64_TO_32_BIT_CONVERSION = YES;
				GCC_WARN_ABOUT_RETURN_TYPE = YES_ERROR;
				GCC_WARN_UNDECLARED_SELECTOR = YES;
				GCC_WARN_UNINITIALIZED_AUTOS = YES_AGGRESSIVE;
				GCC_WARN_UNUSED_FUNCTION = YES;
				GCC_WARN_UNUSED_VARIABLE = YES;
				IPHONEOS_DEPLOYMENT_TARGET = 10.2;
				MTL_ENABLE_DEBUG_INFO = YES;
				ONLY_ACTIVE_ARCH = YES;
				SDKROOT = iphoneos;
				SWIFT_ACTIVE_COMPILATION_CONDITIONS = DEBUG;
				SWIFT_OPTIMIZATION_LEVEL = "-Onone";
			};
			name = Debug;
		};
		C17CAA361E86E11E00E98E9E /* Release */ = {
			isa = XCBuildConfiguration;
			buildSettings = {
				ALWAYS_SEARCH_USER_PATHS = NO;
				CLANG_ANALYZER_NONNULL = YES;
				CLANG_CXX_LANGUAGE_STANDARD = "gnu++0x";
				CLANG_CXX_LIBRARY = "libc++";
				CLANG_ENABLE_MODULES = YES;
				CLANG_ENABLE_OBJC_ARC = YES;
				CLANG_WARN_BOOL_CONVERSION = YES;
				CLANG_WARN_CONSTANT_CONVERSION = YES;
				CLANG_WARN_DIRECT_OBJC_ISA_USAGE = YES_ERROR;
				CLANG_WARN_DOCUMENTATION_COMMENTS = YES;
				CLANG_WARN_EMPTY_BODY = YES;
				CLANG_WARN_ENUM_CONVERSION = YES;
				CLANG_WARN_INFINITE_RECURSION = YES;
				CLANG_WARN_INT_CONVERSION = YES;
				CLANG_WARN_OBJC_ROOT_CLASS = YES_ERROR;
				CLANG_WARN_SUSPICIOUS_MOVE = YES;
				CLANG_WARN_UNREACHABLE_CODE = YES;
				CLANG_WARN__DUPLICATE_METHOD_MATCH = YES;
				"CODE_SIGN_IDENTITY[sdk=iphoneos*]" = "iPhone Developer";
				COPY_PHASE_STRIP = NO;
				DEBUG_INFORMATION_FORMAT = "dwarf-with-dsym";
				ENABLE_NS_ASSERTIONS = NO;
				ENABLE_STRICT_OBJC_MSGSEND = YES;
				GCC_C_LANGUAGE_STANDARD = gnu99;
				GCC_NO_COMMON_BLOCKS = YES;
				GCC_WARN_64_TO_32_BIT_CONVERSION = YES;
				GCC_WARN_ABOUT_RETURN_TYPE = YES_ERROR;
				GCC_WARN_UNDECLARED_SELECTOR = YES;
				GCC_WARN_UNINITIALIZED_AUTOS = YES_AGGRESSIVE;
				GCC_WARN_UNUSED_FUNCTION = YES;
				GCC_WARN_UNUSED_VARIABLE = YES;
				IPHONEOS_DEPLOYMENT_TARGET = 10.2;
				MTL_ENABLE_DEBUG_INFO = NO;
				SDKROOT = iphoneos;
				SWIFT_OPTIMIZATION_LEVEL = "-Owholemodule";
				VALIDATE_PRODUCT = YES;
			};
			name = Release;
		};
		C17CAA381E86E11E00E98E9E /* Debug */ = {
			isa = XCBuildConfiguration;
			baseConfigurationReference = AC28EAA085A66B37D0C10B26 /* Pods-visiterParis.debug.xcconfig */;
			buildSettings = {
				ASSETCATALOG_COMPILER_APPICON_NAME = AppIcon;
				DEVELOPMENT_TEAM = ENGLX8LG3W;
				INFOPLIST_FILE = visiterParis/Info.plist;
				LD_RUNPATH_SEARCH_PATHS = "$(inherited) @executable_path/Frameworks";
				PRODUCT_BUNDLE_IDENTIFIER = com.vp.visiterParis;
				PRODUCT_NAME = "$(TARGET_NAME)";
				SWIFT_VERSION = 3.0;
			};
			name = Debug;
		};
		C17CAA391E86E11E00E98E9E /* Release */ = {
			isa = XCBuildConfiguration;
			baseConfigurationReference = 932060246367901F1DC99E7E /* Pods-visiterParis.release.xcconfig */;
			buildSettings = {
				ASSETCATALOG_COMPILER_APPICON_NAME = AppIcon;
				DEVELOPMENT_TEAM = ENGLX8LG3W;
				INFOPLIST_FILE = visiterParis/Info.plist;
				LD_RUNPATH_SEARCH_PATHS = "$(inherited) @executable_path/Frameworks";
				PRODUCT_BUNDLE_IDENTIFIER = com.vp.visiterParis;
				PRODUCT_NAME = "$(TARGET_NAME)";
				SWIFT_VERSION = 3.0;
			};
			name = Release;
		};
		C17CAA3B1E86E11E00E98E9E /* Debug */ = {
			isa = XCBuildConfiguration;
			baseConfigurationReference = 34C17FAC72A990DA38748019 /* Pods-visiterParisTests.debug.xcconfig */;
			buildSettings = {
				ALWAYS_EMBED_SWIFT_STANDARD_LIBRARIES = YES;
				BUNDLE_LOADER = "$(TEST_HOST)";
				DEVELOPMENT_TEAM = ENGLX8LG3W;
				INFOPLIST_FILE = visiterParisTests/Info.plist;
				LD_RUNPATH_SEARCH_PATHS = "$(inherited) @executable_path/Frameworks @loader_path/Frameworks";
				PRODUCT_BUNDLE_IDENTIFIER = com.vp.visiterParisTests;
				PRODUCT_NAME = "$(TARGET_NAME)";
				SWIFT_VERSION = 3.0;
				TEST_HOST = "$(BUILT_PRODUCTS_DIR)/visiterParis.app/visiterParis";
			};
			name = Debug;
		};
		C17CAA3C1E86E11E00E98E9E /* Release */ = {
			isa = XCBuildConfiguration;
			baseConfigurationReference = F3934240F65C5AC9F40109FF /* Pods-visiterParisTests.release.xcconfig */;
			buildSettings = {
				ALWAYS_EMBED_SWIFT_STANDARD_LIBRARIES = YES;
				BUNDLE_LOADER = "$(TEST_HOST)";
				DEVELOPMENT_TEAM = ENGLX8LG3W;
				INFOPLIST_FILE = visiterParisTests/Info.plist;
				LD_RUNPATH_SEARCH_PATHS = "$(inherited) @executable_path/Frameworks @loader_path/Frameworks";
				PRODUCT_BUNDLE_IDENTIFIER = com.vp.visiterParisTests;
				PRODUCT_NAME = "$(TARGET_NAME)";
				SWIFT_VERSION = 3.0;
				TEST_HOST = "$(BUILT_PRODUCTS_DIR)/visiterParis.app/visiterParis";
			};
			name = Release;
		};
		C17CAA3E1E86E11E00E98E9E /* Debug */ = {
			isa = XCBuildConfiguration;
			baseConfigurationReference = DE4947A1F202F6F718591591 /* Pods-visiterParisUITests.debug.xcconfig */;
			buildSettings = {
				ALWAYS_EMBED_SWIFT_STANDARD_LIBRARIES = YES;
				DEVELOPMENT_TEAM = ENGLX8LG3W;
				INFOPLIST_FILE = visiterParisUITests/Info.plist;
				LD_RUNPATH_SEARCH_PATHS = "$(inherited) @executable_path/Frameworks @loader_path/Frameworks";
				PRODUCT_BUNDLE_IDENTIFIER = com.vp.visiterParisUITests;
				PRODUCT_NAME = "$(TARGET_NAME)";
				SWIFT_VERSION = 3.0;
				TEST_TARGET_NAME = visiterParis;
			};
			name = Debug;
		};
		C17CAA3F1E86E11E00E98E9E /* Release */ = {
			isa = XCBuildConfiguration;
			baseConfigurationReference = F8438F26DECCCD2BF47EB255 /* Pods-visiterParisUITests.release.xcconfig */;
			buildSettings = {
				ALWAYS_EMBED_SWIFT_STANDARD_LIBRARIES = YES;
				DEVELOPMENT_TEAM = ENGLX8LG3W;
				INFOPLIST_FILE = visiterParisUITests/Info.plist;
				LD_RUNPATH_SEARCH_PATHS = "$(inherited) @executable_path/Frameworks @loader_path/Frameworks";
				PRODUCT_BUNDLE_IDENTIFIER = com.vp.visiterParisUITests;
				PRODUCT_NAME = "$(TARGET_NAME)";
				SWIFT_VERSION = 3.0;
				TEST_TARGET_NAME = visiterParis;
			};
			name = Release;
		};
/* End XCBuildConfiguration section */

/* Begin XCConfigurationList section */
		C17CAA0A1E86E11E00E98E9E /* Build configuration list for PBXProject "visiterParis" */ = {
			isa = XCConfigurationList;
			buildConfigurations = (
				C17CAA351E86E11E00E98E9E /* Debug */,
				C17CAA361E86E11E00E98E9E /* Release */,
			);
			defaultConfigurationIsVisible = 0;
			defaultConfigurationName = Release;
		};
		C17CAA371E86E11E00E98E9E /* Build configuration list for PBXNativeTarget "visiterParis" */ = {
			isa = XCConfigurationList;
			buildConfigurations = (
				C17CAA381E86E11E00E98E9E /* Debug */,
				C17CAA391E86E11E00E98E9E /* Release */,
			);
			defaultConfigurationIsVisible = 0;
			defaultConfigurationName = Release;
		};
		C17CAA3A1E86E11E00E98E9E /* Build configuration list for PBXNativeTarget "visiterParisTests" */ = {
			isa = XCConfigurationList;
			buildConfigurations = (
				C17CAA3B1E86E11E00E98E9E /* Debug */,
				C17CAA3C1E86E11E00E98E9E /* Release */,
			);
			defaultConfigurationIsVisible = 0;
			defaultConfigurationName = Release;
		};
		C17CAA3D1E86E11E00E98E9E /* Build configuration list for PBXNativeTarget "visiterParisUITests" */ = {
			isa = XCConfigurationList;
			buildConfigurations = (
				C17CAA3E1E86E11E00E98E9E /* Debug */,
				C17CAA3F1E86E11E00E98E9E /* Release */,
			);
			defaultConfigurationIsVisible = 0;
			defaultConfigurationName = Release;
		};
/* End XCConfigurationList section */
	};
	rootObject = C17CAA071E86E11E00E98E9E /* Project object */;
}
